# This file is automatically @generated by Cargo.
# It is not intended for manual editing.
version = 3

[[package]]
name = "bootshim"
version = "0.1.0"
dependencies = [
 "bootshim-macros",
 "cortex-a",
 "tock-registers 0.7.0 (registry+https://github.com/rust-lang/crates.io-index)",
]

[[package]]
name = "bootshim-macros"
version = "0.1.0"
dependencies = [
 "proc-macro2",
 "quote",
 "syn",
]

[[package]]
name = "cortex-a"
version = "7.2.0"
source = "registry+https://github.com/rust-lang/crates.io-index"
checksum = "27bd91f65ccd348bb2d043d98c5b34af141ecef7f102147f59bf5898f6e734ad"
dependencies = [
 "tock-registers 0.7.0 (registry+https://github.com/rust-lang/crates.io-index)",
]

[[package]]
name = "onebpp"
version = "0.1.0"
dependencies = [
 "bootshim",
 "tock-registers 0.7.0 (git+https://github.com/tock/tock.git#59b50204194107f9e70c27470e66dea7db5f518f)",
]

[[package]]
name = "proc-macro2"
version = "1.0.37"
source = "registry+https://github.com/rust-lang/crates.io-index"
checksum = "ec757218438d5fda206afc041538b2f6d889286160d649a86a24d37e1235afd1"
dependencies = [
 "unicode-xid",
]

[[package]]
name = "quote"
version = "1.0.18"
source = "registry+https://github.com/rust-lang/crates.io-index"
checksum = "a1feb54ed693b93a84e14094943b84b7c4eae204c512b7ccb95ab0c66d278ad1"
dependencies = [
 "proc-macro2",
]

[[package]]
name = "syn"
version = "1.0.92"
source = "registry+https://github.com/rust-lang/crates.io-index"
checksum = "7ff7c592601f11445996a06f8ad0c27f094a58857c2f89e97974ab9235b92c52"
dependencies = [
 "proc-macro2",
 "quote",
 "unicode-xid",
]

[[package]]
name = "tock-registers"
version = "0.7.0"
source = "registry+https://github.com/rust-lang/crates.io-index"
checksum = "4ee8fba06c1f4d0b396ef61a54530bb6b28f0dc61c38bc8bc5a5a48161e6282e"

[[package]]
name = "tock-registers"
version = "0.7.0"
source = "git+https://github.com/tock/tock.git#59b50204194107f9e70c27470e66dea7db5f518f#e46fe5243ad1688cd6ff92fafc8a73a68bff1d2a"

[[package]]
name = "unicode-xid"
version = "0.2.3"
source = "registry+https://github.com/rust-lang/crates.io-index"
checksum = "957e51f3646910546462e67d5f7599b9e4fb8acdd304b087a6494730f9eebf04"
